
Microsoft Visual Studio Solution File, Format Version 12.00
# Visual Studio 15
VisualStudioVersion = 15.0.26228.4
MinimumVisualStudioVersion = 10.0.40219.1
Project("{9A19103F-16F7-4668-BE54-9A1E7A4F7556}") = "Lemon", "Lemon\Lemon.csproj", "{60E152FB-5008-4686-96C8-8635D6A3877A}"
EndProject
Project("{FAE04EC0-301F-11D3-BF4B-00C04F79EFBC}") = "Lemon.HostTest", "Lemon.HostTest\Lemon.HostTest.csproj", "{F0277D47-8AA6-4617-AA7F-6E999A5D3ACC}"
EndProject
Project("{FAE04EC0-301F-11D3-BF4B-00C04F79EFBC}") = "Lemon.ClientTest", "Lemon.ClientTest\Lemon.ClientTest.csproj", "{679E14FB-3552-4FFA-907A-AB3E9401852B}"
EndProject
Global
	GlobalSection(SolutionConfigurationPlatforms) = preSolution
		Debug|Any CPU = Debug|Any CPU
		Release|Any CPU = Release|Any CPU
	EndGlobalSection
	GlobalSection(ProjectConfigurationPlatforms) = postSolution
		{60E152FB-5008-4686-96C8-8635D6A3877A}.Debug|Any CPU.ActiveCfg = Debug|Any CPU
		{60E152FB-5008-4686-96C8-8635D6A3877A}.Debug|Any CPU.Build.0 = Debug|Any CPU
		{60E152FB-5008-4686-96C8-8635D6A3877A}.Release|Any CPU.ActiveCfg = Release|Any CPU
		{60E152FB-5008-4686-96C8-8635D6A3877A}.Release|Any CPU.Build.0 = Release|Any CPU
		{F0277D47-8AA6-4617-AA7F-6E999A5D3ACC}.Debug|Any CPU.ActiveCfg = Debug|Any CPU
		{F0277D47-8AA6-4617-AA7F-6E999A5D3ACC}.Debug|Any CPU.Build.0 = Debug|Any CPU
		{F0277D47-8AA6-4617-AA7F-6E999A5D3ACC}.Release|Any CPU.ActiveCfg = Release|Any CPU
		{F0277D47-8AA6-4617-AA7F-6E999A5D3ACC}.Release|Any CPU.Build.0 = Release|Any CPU
		{679E14FB-3552-4FFA-907A-AB3E9401852B}.Debug|Any CPU.ActiveCfg = Debug|Any CPU
		{679E14FB-3552-4FFA-907A-AB3E9401852B}.Debug|Any CPU.Build.0 = Debug|Any CPU
		{679E14FB-3552-4FFA-907A-AB3E9401852B}.Release|Any CPU.ActiveCfg = Release|Any CPU
		{679E14FB-3552-4FFA-907A-AB3E9401852B}.Release|Any CPU.Build.0 = Release|Any CPU
	EndGlobalSection
	GlobalSection(SolutionProperties) = preSolution
		HideSolutionNode = FALSE
	EndGlobalSection
EndGlobal
